
Microsoft Visual Studio Solution File, Format Version 12.00
# Visual Studio 15
VisualStudioVersion = 15.0.27428.2037
MinimumVisualStudioVersion = 10.0.40219.1
Project("{FAE04EC0-301F-11D3-BF4B-00C04F79EFBC}") = "BitMEXBot3", "BitMEXBot3\BitMEXBot3.csproj", "{22FFDAE2-FAB7-4EAE-9626-579CC0CF14E4}"
EndProject
Global
	GlobalSection(SolutionConfigurationPlatforms) = preSolution
		Debug|Any CPU = Debug|Any CPU
		Release|Any CPU = Release|Any CPU
	EndGlobalSection
	GlobalSection(ProjectConfigurationPlatforms) = postSolution
		{22FFDAE2-FAB7-4EAE-9626-579CC0CF14E4}.Debug|Any CPU.ActiveCfg = Debug|Any CPU
		{22FFDAE2-FAB7-4EAE-9626-579CC0CF14E4}.Debug|Any CPU.Build.0 = Debug|Any CPU
		{22FFDAE2-FAB7-4EAE-9626-579CC0CF14E4}.Release|Any CPU.ActiveCfg = Release|Any CPU
		{22FFDAE2-FAB7-4EAE-9626-579CC0CF14E4}.Release|Any CPU.Build.0 = Release|Any CPU
	EndGlobalSection
	GlobalSection(SolutionProperties) = preSolution
		HideSolutionNode = FALSE
	EndGlobalSection
	GlobalSection(ExtensibilityGlobals) = postSolution
		SolutionGuid = {56268578-3F9A-4CEE-9902-1F4211B7FBA8}
	EndGlobalSection
EndGlobal
